hash: edc113943b5834aa52876ee0bdeac172678a94416ed1f3ed8da78afbff402d89
updated: 2018-09-11T13:25:32.886071+02:00
imports:
- name: github.com/sec51/convert
  version: 3276ac712ca35cb9cc9a823b564fdaf89f4ac803
  subpackages:
  - bigendian
  - smallendian
- name: github.com/sec51/cryptoengine
  version: 2306d105a49ec564d9d376570a1881d557fc4a82
- name: github.com/sec51/gf256
  version: 2454accbeb9e6b0e2e53b01e1d641c7157251ed4
- name: github.com/sec51/qrcode
  version: b7779abbcaf1ec4de65f586a85fe24db31d45e7c
  subpackages:
  - coding
- name: golang.org/x/crypto
  version: beef0f4390813b96e8e68fd78570396d0f4751fc
  subpackages:
  - curve25519
  - hkdf
  - nacl/box
  - nacl/secretbox
  - poly1305
  - salsa20/salsa
testImports: []
